
Microsoft Visual Studio Solution File, Format Version 12.00
# Visual Studio Version 17
VisualStudioVersion = 17.11.35222.181
MinimumVisualStudioVersion = 10.0.40219.1
Project("{FAE04EC0-301F-11D3-BF4B-00C04F79EFBC}") = "Banya_Alkalmazas", "Banya_Alkalmazas\Banya_Alkalmazas.csproj", "{A858EAC3-CE8F-4ADC-BAFB-AF391948C299}"
EndProject
Global
	GlobalSection(SolutionConfigurationPlatforms) = preSolution
		Debug|Any CPU = Debug|Any CPU
		Release|Any CPU = Release|Any CPU
	EndGlobalSection
	GlobalSection(ProjectConfigurationPlatforms) = postSolution
		{A858EAC3-CE8F-4ADC-BAFB-AF391948C299}.Debug|Any CPU.ActiveCfg = Debug|Any CPU
		{A858EAC3-CE8F-4ADC-BAFB-AF391948C299}.Debug|Any CPU.Build.0 = Debug|Any CPU
		{A858EAC3-CE8F-4ADC-BAFB-AF391948C299}.Release|Any CPU.ActiveCfg = Release|Any CPU
		{A858EAC3-CE8F-4ADC-BAFB-AF391948C299}.Release|Any CPU.Build.0 = Release|Any CPU
	EndGlobalSection
	GlobalSection(SolutionProperties) = preSolution
		HideSolutionNode = FALSE
	EndGlobalSection
	GlobalSection(ExtensibilityGlobals) = postSolution
		SolutionGuid = {8FAD8F86-0B2F-4ED8-A240-3AAF2457EE7D}
	EndGlobalSection
EndGlobal
